// !$*UTF8*$!
{
	archiveVersion = 1;
	classes = {
	};
	objectVersion = 50;
	objects = {

/* Begin PBXBuildFile section */
		0A65CF2C22C4386A00B121A2 /* AppDelegate.swift in Sources */ = {isa = PBXBuildFile; fileRef = 0A65CF2B22C4386A00B121A2 /* AppDelegate.swift */; };
		0A65CF2E22C4386A00B121A2 /* GameScene.sks in Resources */ = {isa = PBXBuildFile; fileRef = 0A65CF2D22C4386A00B121A2 /* GameScene.sks */; };
		0A65CF3222C4386B00B121A2 /* GameScene.swift in Sources */ = {isa = PBXBuildFile; fileRef = 0A65CF3122C4386B00B121A2 /* GameScene.swift */; };
		0A65CF3422C4386B00B121A2 /* GameViewController.swift in Sources */ = {isa = PBXBuildFile; fileRef = 0A65CF3322C4386B00B121A2 /* GameViewController.swift */; };
		0A65CF3722C4386B00B121A2 /* Main.storyboard in Resources */ = {isa = PBXBuildFile; fileRef = 0A65CF3522C4386B00B121A2 /* Main.storyboard */; };
		0A65CF3922C4386D00B121A2 /* Assets.xcassets in Resources */ = {isa = PBXBuildFile; fileRef = 0A65CF3822C4386D00B121A2 /* Assets.xcassets */; };
		0A65CF3C22C4386D00B121A2 /* LaunchScreen.storyboard in Resources */ = {isa = PBXBuildFile; fileRef = 0A65CF3A22C4386D00B121A2 /* LaunchScreen.storyboard */; };
		0A65CF4E22C43A3000B121A2 /* sliceHitBomb.sks in Resources */ = {isa = PBXBuildFile; fileRef = 0A65CF4B22C43A3000B121A2 /* sliceHitBomb.sks */; };
		0A65CF4F22C43A3000B121A2 /* sliceFuse.sks in Resources */ = {isa = PBXBuildFile; fileRef = 0A65CF4C22C43A3000B121A2 /* sliceFuse.sks */; };
		0A65CF5022C43A3000B121A2 /* sliceHitEnemy.sks in Resources */ = {isa = PBXBuildFile; fileRef = 0A65CF4D22C43A3000B121A2 /* sliceHitEnemy.sks */; };
		0A65CF5122C5667B00B121A2 /* swoosh1.caf in Resources */ = {isa = PBXBuildFile; fileRef = 0A65CF4A22C43A0F00B121A2 /* swoosh1.caf */; };
		0A65CF5222C5667E00B121A2 /* swoosh2.caf in Resources */ = {isa = PBXBuildFile; fileRef = 0A65CF4722C43A0F00B121A2 /* swoosh2.caf */; };
		0A65CF5322C5668200B121A2 /* swoosh3.caf in Resources */ = {isa = PBXBuildFile; fileRef = 0A65CF4922C43A0F00B121A2 /* swoosh3.caf */; };
		0A65CF5422C5669600B121A2 /* sliceBombFuse.caf in Resources */ = {isa = PBXBuildFile; fileRef = 0A65CF4522C43A0000B121A2 /* sliceBombFuse.caf */; };
		0A65CF5522C5669E00B121A2 /* explosion.caf in Resources */ = {isa = PBXBuildFile; fileRef = 0A65CF4322C439F300B121A2 /* explosion.caf */; };
		0A65CF5622C5669E00B121A2 /* launch.caf in Resources */ = {isa = PBXBuildFile; fileRef = 0A65CF4422C439F300B121A2 /* launch.caf */; };
		0A65CF5722C5669E00B121A2 /* whack.caf in Resources */ = {isa = PBXBuildFile; fileRef = 0A65CF4822C43A0F00B121A2 /* whack.caf */; };
		0A65CF5822C5669E00B121A2 /* wrong.caf in Resources */ = {isa = PBXBuildFile; fileRef = 0A65CF4622C43A0F00B121A2 /* wrong.caf */; };
/* End PBXBuildFile section */

/* Begin PBXFileReference section */
		0A65CF2822C4386A00B121A2 /* SwiftNinja-Project23.app */ = {isa = PBXFileReference; explicitFileType = wrapper.application; includeInIndex = 0; path = "SwiftNinja-Project23.app"; sourceTree = BUILT_PRODUCTS_DIR; };
		0A65CF2B22C4386A00B121A2 /* AppDelegate.swift */ = {isa = PBXFileReference; lastKnownFileType = sourcecode.swift; path = AppDelegate.swift; sourceTree = "<group>"; };
		0A65CF2D22C4386A00B121A2 /* GameScene.sks */ = {isa = PBXFileReference; lastKnownFileType = file.sks; path = GameScene.sks; sourceTree = "<group>"; };
		0A65CF3122C4386B00B121A2 /* GameScene.swift */ = {isa = PBXFileReference; lastKnownFileType = sourcecode.swift; path = GameScene.swift; sourceTree = "<group>"; };
		0A65CF3322C4386B00B121A2 /* GameViewController.swift */ = {isa = PBXFileReference; lastKnownFileType = sourcecode.swift; path = GameViewController.swift; sourceTree = "<group>"; };
		0A65CF3622C4386B00B121A2 /* Base */ = {isa = PBXFileReference; lastKnownFileType = file.storyboard; name = Base; path = Base.lproj/Main.storyboard; sourceTree = "<group>"; };
		0A65CF3822C4386D00B121A2 /* Assets.xcassets */ = {isa = PBXFileReference; lastKnownFileType = folder.assetcatalog; path = Assets.xcassets; sourceTree = "<group>"; };
		0A65CF3B22C4386D00B121A2 /* Base */ = {isa = PBXFileReference; lastKnownFileType = file.storyboard; name = Base; path = Base.lproj/LaunchScreen.storyboard; sourceTree = "<group>"; };
		0A65CF3D22C4386D00B121A2 /* Info.plist */ = {isa = PBXFileReference; lastKnownFileType = text.plist.xml; path = Info.plist; sourceTree = "<group>"; };
		0A65CF4322C439F300B121A2 /* explosion.caf */ = {isa = PBXFileReference; lastKnownFileType = file; path = explosion.caf; sourceTree = "<group>"; };
		0A65CF4422C439F300B121A2 /* launch.caf */ = {isa = PBXFileReference; lastKnownFileType = file; path = launch.caf; sourceTree = "<group>"; };
		0A65CF4522C43A0000B121A2 /* sliceBombFuse.caf */ = {isa = PBXFileReference; lastKnownFileType = file; path = sliceBombFuse.caf; sourceTree = "<group>"; };
		0A65CF4622C43A0F00B121A2 /* wrong.caf */ = {isa = PBXFileReference; lastKnownFileType = file; path = wrong.caf; sourceTree = "<group>"; };
		0A65CF4722C43A0F00B121A2 /* swoosh2.caf */ = {isa = PBXFileReference; lastKnownFileType = file; path = swoosh2.caf; sourceTree = "<group>"; };
		0A65CF4822C43A0F00B121A2 /* whack.caf */ = {isa = PBXFileReference; lastKnownFileType = file; path = whack.caf; sourceTree = "<group>"; };
		0A65CF4922C43A0F00B121A2 /* swoosh3.caf */ = {isa = PBXFileReference; lastKnownFileType = file; path = swoosh3.caf; sourceTree = "<group>"; };
		0A65CF4A22C43A0F00B121A2 /* swoosh1.caf */ = {isa = PBXFileReference; lastKnownFileType = file; path = swoosh1.caf; sourceTree = "<group>"; };
		0A65CF4B22C43A3000B121A2 /* sliceHitBomb.sks */ = {isa = PBXFileReference; lastKnownFileType = file.sks; path = sliceHitBomb.sks; sourceTree = "<group>"; };
		0A65CF4C22C43A3000B121A2 /* sliceFuse.sks */ = {isa = PBXFileReference; lastKnownFileType = file.sks; path = sliceFuse.sks; sourceTree = "<group>"; };
		0A65CF4D22C43A3000B121A2 /* sliceHitEnemy.sks */ = {isa = PBXFileReference; lastKnownFileType = file.sks; path = sliceHitEnemy.sks; sourceTree = "<group>"; };
/* End PBXFileReference section */

/* Begin PBXFrameworksBuildPhase section */
		0A65CF2522C4386A00B121A2 /* Frameworks */ = {
			isa = PBXFrameworksBuildPhase;
			buildActionMask = 2147483647;
			files = (
			);
			runOnlyForDeploymentPostprocessing = 0;
		};
/* End PBXFrameworksBuildPhase section */

/* Begin PBXGroup section */
		0A65CF1F22C4386A00B121A2 = {
			isa = PBXGroup;
			children = (
				0A65CF2A22C4386A00B121A2 /* SwiftNinja-Project23 */,
				0A65CF2922C4386A00B121A2 /* Products */,
				0A65CF4C22C43A3000B121A2 /* sliceFuse.sks */,
				0A65CF4B22C43A3000B121A2 /* sliceHitBomb.sks */,
				0A65CF4D22C43A3000B121A2 /* sliceHitEnemy.sks */,
			);
			sourceTree = "<group>";
		};
		0A65CF2922C4386A00B121A2 /* Products */ = {
			isa = PBXGroup;
			children = (
				0A65CF2822C4386A00B121A2 /* SwiftNinja-Project23.app */,
			);
			name = Products;
			sourceTree = "<group>";
		};
		0A65CF2A22C4386A00B121A2 /* SwiftNinja-Project23 */ = {
			isa = PBXGroup;
			children = (
				0A65CF2B22C4386A00B121A2 /* AppDelegate.swift */,
				0A65CF2D22C4386A00B121A2 /* GameScene.sks */,
				0A65CF3122C4386B00B121A2 /* GameScene.swift */,
				0A65CF3322C4386B00B121A2 /* GameViewController.swift */,
				0A65CF3522C4386B00B121A2 /* Main.storyboard */,
				0A65CF3822C4386D00B121A2 /* Assets.xcassets */,
				0A65CF3A22C4386D00B121A2 /* LaunchScreen.storyboard */,
				0A65CF3D22C4386D00B121A2 /* Info.plist */,
				0A65CF4322C439F300B121A2 /* explosion.caf */,
				0A65CF4422C439F300B121A2 /* launch.caf */,
				0A65CF4522C43A0000B121A2 /* sliceBombFuse.caf */,
				0A65CF4A22C43A0F00B121A2 /* swoosh1.caf */,
				0A65CF4722C43A0F00B121A2 /* swoosh2.caf */,
				0A65CF4922C43A0F00B121A2 /* swoosh3.caf */,
				0A65CF4822C43A0F00B121A2 /* whack.caf */,
				0A65CF4622C43A0F00B121A2 /* wrong.caf */,
			);
			path = "SwiftNinja-Project23";
			sourceTree = "<group>";
		};
/* End PBXGroup section */

/* Begin PBXNativeTarget section */
		0A65CF2722C4386A00B121A2 /* SwiftNinja-Project23 */ = {
			isa = PBXNativeTarget;
			buildConfigurationList = 0A65CF4022C4386D00B121A2 /* Build configuration list for PBXNativeTarget "SwiftNinja-Project23" */;
			buildPhases = (
				0A65CF2422C4386A00B121A2 /* Sources */,
				0A65CF2522C4386A00B121A2 /* Frameworks */,
				0A65CF2622C4386A00B121A2 /* Resources */,
			);
			buildRules = (
			);
			dependencies = (
			);
			name = "SwiftNinja-Project23";
			productName = "SwiftNinja-Project23";
			productReference = 0A65CF2822C4386A00B121A2 /* SwiftNinja-Project23.app */;
			productType = "com.apple.product-type.application";
		};
/* End PBXNativeTarget section */

/* Begin PBXProject section */
		0A65CF2022C4386A00B121A2 /* Project object */ = {
			isa = PBXProject;
			attributes = {
				LastSwiftUpdateCheck = 1020;
				LastUpgradeCheck = 1020;
				ORGANIZATIONNAME = "Alex Perucchini";
				TargetAttributes = {
					0A65CF2722C4386A00B121A2 = {
						CreatedOnToolsVersion = 10.2.1;
					};
				};
			};
			buildConfigurationList = 0A65CF2322C4386A00B121A2 /* Build configuration list for PBXProject "SwiftNinja-Project23" */;
			compatibilityVersion = "Xcode 9.3";
			developmentRegion = en;
			hasScannedForEncodings = 0;
			knownRegions = (
				en,
				Base,
			);
			mainGroup = 0A65CF1F22C4386A00B121A2;
			productRefGroup = 0A65CF2922C4386A00B121A2 /* Products */;
			projectDirPath = "";
			projectRoot = "";
			targets = (
				0A65CF2722C4386A00B121A2 /* SwiftNinja-Project23 */,
			);
		};
/* End PBXProject section */

/* Begin PBXResourcesBuildPhase section */
		0A65CF2622C4386A00B121A2 /* Resources */ = {
			isa = PBXResourcesBuildPhase;
			buildActionMask = 2147483647;
			files = (
				0A65CF3722C4386B00B121A2 /* Main.storyboard in Resources */,
				0A65CF5622C5669E00B121A2 /* launch.caf in Resources */,
				0A65CF5022C43A3000B121A2 /* sliceHitEnemy.sks in Resources */,
				0A65CF2E22C4386A00B121A2 /* GameScene.sks in Resources */,
				0A65CF3922C4386D00B121A2 /* Assets.xcassets in Resources */,
				0A65CF3C22C4386D00B121A2 /* LaunchScreen.storyboard in Resources */,
				0A65CF5222C5667E00B121A2 /* swoosh2.caf in Resources */,
				0A65CF5522C5669E00B121A2 /* explosion.caf in Resources */,
				0A65CF4E22C43A3000B121A2 /* sliceHitBomb.sks in Resources */,
				0A65CF5722C5669E00B121A2 /* whack.caf in Resources */,
				0A65CF4F22C43A3000B121A2 /* sliceFuse.sks in Resources */,
				0A65CF5122C5667B00B121A2 /* swoosh1.caf in Resources */,
				0A65CF5322C5668200B121A2 /* swoosh3.caf in Resources */,
				0A65CF5822C5669E00B121A2 /* wrong.caf in Resources */,
				0A65CF5422C5669600B121A2 /* sliceBombFuse.caf in Resources */,
			);
			runOnlyForDeploymentPostprocessing = 0;
		};
/* End PBXResourcesBuildPhase section */

/* Begin PBXSourcesBuildPhase section */
		0A65CF2422C4386A00B121A2 /* Sources */ = {
			isa = PBXSourcesBuildPhase;
			buildActionMask = 2147483647;
			files = (
				0A65CF3222C4386B00B121A2 /* GameScene.swift in Sources */,
				0A65CF3422C4386B00B121A2 /* GameViewController.swift in Sources */,
				0A65CF2C22C4386A00B121A2 /* AppDelegate.swift in Sources */,
			);
			runOnlyForDeploymentPostprocessing = 0;
		};
/* End PBXSourcesBuildPhase section */

/* Begin PBXVariantGroup section */
		0A65CF3522C4386B00B121A2 /* Main.storyboard */ = {
			isa = PBXVariantGroup;
			children = (
				0A65CF3622C4386B00B121A2 /* Base */,
			);
			name = Main.storyboard;
			sourceTree = "<group>";
		};
		0A65CF3A22C4386D00B121A2 /* LaunchScreen.storyboard */ = {
			isa = PBXVariantGroup;
			children = (
				0A65CF3B22C4386D00B121A2 /* Base */,
			);
			name = LaunchScreen.storyboard;
			sourceTree = "<group>";
		};
/* End PBXVariantGroup section */

/* Begin XCBuildConfiguration section */
		0A65CF3E22C4386D00B121A2 /* Debug */ = {
			isa = XCBuildConfiguration;
			buildSettings = {
				ALWAYS_SEARCH_USER_PATHS = NO;
				CLANG_ANALYZER_NONNULL = YES;
				CLANG_ANALYZER_NUMBER_OBJECT_CONVERSION = YES_AGGRESSIVE;
				CLANG_CXX_LANGUAGE_STANDARD = "gnu++14";
				CLANG_CXX_LIBRARY = "libc++";
				CLANG_ENABLE_MODULES = YES;
				CLANG_ENABLE_OBJC_ARC = YES;
				CLANG_ENABLE_OBJC_WEAK = YES;
				CLANG_WARN_BLOCK_CAPTURE_AUTORELEASING = YES;
				CLANG_WARN_BOOL_CONVERSION = YES;
				CLANG_WARN_COMMA = YES;
				CLANG_WARN_CONSTANT_CONVERSION = YES;
				CLANG_WARN_DEPRECATED_OBJC_IMPLEMENTATIONS = YES;
				CLANG_WARN_DIRECT_OBJC_ISA_USAGE = YES_ERROR;
				CLANG_WARN_DOCUMENTATION_COMMENTS = YES;
				CLANG_WARN_EMPTY_BODY = YES;
				CLANG_WARN_ENUM_CONVERSION = YES;
				CLANG_WARN_INFINITE_RECURSION = YES;
				CLANG_WARN_INT_CONVERSION = YES;
				CLANG_WARN_NON_LITERAL_NULL_CONVERSION = YES;
				CLANG_WARN_OBJC_IMPLICIT_RETAIN_SELF = YES;
				CLANG_WARN_OBJC_LITERAL_CONVERSION = YES;
				CLANG_WARN_OBJC_ROOT_CLASS = YES_ERROR;
				CLANG_WARN_RANGE_LOOP_ANALYSIS = YES;
				CLANG_WARN_STRICT_PROTOTYPES = YES;
				CLANG_WARN_SUSPICIOUS_MOVE = YES;
				CLANG_WARN_UNGUARDED_AVAILABILITY = YES_AGGRESSIVE;
				CLANG_WARN_UNREACHABLE_CODE = YES;
				CLANG_WARN__DUPLICATE_METHOD_MATCH = YES;
				CODE_SIGN_IDENTITY = "iPhone Developer";
				COPY_PHASE_STRIP = NO;
				DEBUG_INFORMATION_FORMAT = dwarf;
				ENABLE_STRICT_OBJC_MSGSEND = YES;
				ENABLE_TESTABILITY = YES;
				GCC_C_LANGUAGE_STANDARD = gnu11;
				GCC_DYNAMIC_NO_PIC = NO;
				GCC_NO_COMMON_BLOCKS = YES;
				GCC_OPTIMIZATION_LEVEL = 0;
				GCC_PREPROCESSOR_DEFINITIONS = (
					"DEBUG=1",
					"$(inherited)",
				);
				GCC_WARN_64_TO_32_BIT_CONVERSION = YES;
				GCC_WARN_ABOUT_RETURN_TYPE = YES_ERROR;
				GCC_WARN_UNDECLARED_SELECTOR = YES;
				GCC_WARN_UNINITIALIZED_AUTOS = YES_AGGRESSIVE;
				GCC_WARN_UNUSED_FUNCTION = YES;
				GCC_WARN_UNUSED_VARIABLE = YES;
				IPHONEOS_DEPLOYMENT_TARGET = 12.2;
				MTL_ENABLE_DEBUG_INFO = INCLUDE_SOURCE;
				MTL_FAST_MATH = YES;
				ONLY_ACTIVE_ARCH = YES;
				SDKROOT = iphoneos;
				SWIFT_ACTIVE_COMPILATION_CONDITIONS = DEBUG;
				SWIFT_OPTIMIZATION_LEVEL = "-Onone";
			};
			name = Debug;
		};
		0A65CF3F22C4386D00B121A2 /* Release */ = {
			isa = XCBuildConfiguration;
			buildSettings = {
				ALWAYS_SEARCH_USER_PATHS = NO;
				CLANG_ANALYZER_NONNULL = YES;
				CLANG_ANALYZER_NUMBER_OBJECT_CONVERSION = YES_AGGRESSIVE;
				CLANG_CXX_LANGUAGE_STANDARD = "gnu++14";
				CLANG_CXX_LIBRARY = "libc++";
				CLANG_ENABLE_MODULES = YES;
				CLANG_ENABLE_OBJC_ARC = YES;
				CLANG_ENABLE_OBJC_WEAK = YES;
				CLANG_WARN_BLOCK_CAPTURE_AUTORELEASING = YES;
				CLANG_WARN_BOOL_CONVERSION = YES;
				CLANG_WARN_COMMA = YES;
				CLANG_WARN_CONSTANT_CONVERSION = YES;
				CLANG_WARN_DEPRECATED_OBJC_IMPLEMENTATIONS = YES;
				CLANG_WARN_DIRECT_OBJC_ISA_USAGE = YES_ERROR;
				CLANG_WARN_DOCUMENTATION_COMMENTS = YES;
				CLANG_WARN_EMPTY_BODY = YES;
				CLANG_WARN_ENUM_CONVERSION = YES;
				CLANG_WARN_INFINITE_RECURSION = YES;
				CLANG_WARN_INT_CONVERSION = YES;
				CLANG_WARN_NON_LITERAL_NULL_CONVERSION = YES;
				CLANG_WARN_OBJC_IMPLICIT_RETAIN_SELF = YES;
				CLANG_WARN_OBJC_LITERAL_CONVERSION = YES;
				CLANG_WARN_OBJC_ROOT_CLASS = YES_ERROR;
				CLANG_WARN_RANGE_LOOP_ANALYSIS = YES;
				CLANG_WARN_STRICT_PROTOTYPES = YES;
				CLANG_WARN_SUSPICIOUS_MOVE = YES;
				CLANG_WARN_UNGUARDED_AVAILABILITY = YES_AGGRESSIVE;
				CLANG_WARN_UNREACHABLE_CODE = YES;
				CLANG_WARN__DUPLICATE_METHOD_MATCH = YES;
				CODE_SIGN_IDENTITY = "iPhone Developer";
				COPY_PHASE_STRIP = NO;
				DEBUG_INFORMATION_FORMAT = "dwarf-with-dsym";
				ENABLE_NS_ASSERTIONS = NO;
				ENABLE_STRICT_OBJC_MSGSEND = YES;
				GCC_C_LANGUAGE_STANDARD = gnu11;
				GCC_NO_COMMON_BLOCKS = YES;
				GCC_WARN_64_TO_32_BIT_CONVERSION = YES;
				GCC_WARN_ABOUT_RETURN_TYPE = YES_ERROR;
				GCC_WARN_UNDECLARED_SELECTOR = YES;
				GCC_WARN_UNINITIALIZED_AUTOS = YES_AGGRESSIVE;
				GCC_WARN_UNUSED_FUNCTION = YES;
				GCC_WARN_UNUSED_VARIABLE = YES;
				IPHONEOS_DEPLOYMENT_TARGET = 12.2;
				MTL_ENABLE_DEBUG_INFO = NO;
				MTL_FAST_MATH = YES;
				SDKROOT = iphoneos;
				SWIFT_COMPILATION_MODE = wholemodule;
				SWIFT_OPTIMIZATION_LEVEL = "-O";
				VALIDATE_PRODUCT = YES;
			};
			name = Release;
		};
		0A65CF4122C4386D00B121A2 /* Debug */ = {
			isa = XCBuildConfiguration;
			buildSettings = {
				ASSETCATALOG_COMPILER_APPICON_NAME = AppIcon;
				CODE_SIGN_STYLE = Automatic;
				DEVELOPMENT_TEAM = PS57R44942;
				INFOPLIST_FILE = "SwiftNinja-Project23/Info.plist";
				LD_RUNPATH_SEARCH_PATHS = (
					"$(inherited)",
					"@executable_path/Frameworks",
				);
				PRODUCT_BUNDLE_IDENTIFIER = "Ali3nlabs.SwiftNinja-Project23";
				PRODUCT_NAME = "$(TARGET_NAME)";
				SWIFT_VERSION = 5.0;
				TARGETED_DEVICE_FAMILY = "1,2";
			};
			name = Debug;
		};
		0A65CF4222C4386D00B121A2 /* Release */ = {
			isa = XCBuildConfiguration;
			buildSettings = {
				ASSETCATALOG_COMPILER_APPICON_NAME = AppIcon;
				CODE_SIGN_STYLE = Automatic;
				DEVELOPMENT_TEAM = PS57R44942;
				INFOPLIST_FILE = "SwiftNinja-Project23/Info.plist";
				LD_RUNPATH_SEARCH_PATHS = (
					"$(inherited)",
					"@executable_path/Frameworks",
				);
				PRODUCT_BUNDLE_IDENTIFIER = "Ali3nlabs.SwiftNinja-Project23";
				PRODUCT_NAME = "$(TARGET_NAME)";
				SWIFT_VERSION = 5.0;
				TARGETED_DEVICE_FAMILY = "1,2";
			};
			name = Release;
		};
/* End XCBuildConfiguration section */

/* Begin XCConfigurationList section */
		0A65CF2322C4386A00B121A2 /* Build configuration list for PBXProject "SwiftNinja-Project23" */ = {
			isa = XCConfigurationList;
			buildConfigurations = (
				0A65CF3E22C4386D00B121A2 /* Debug */,
				0A65CF3F22C4386D00B121A2 /* Release */,
			);
			defaultConfigurationIsVisible = 0;
			defaultConfigurationName = Release;
		};
		0A65CF4022C4386D00B121A2 /* Build configuration list for PBXNativeTarget "SwiftNinja-Project23" */ = {
			isa = XCConfigurationList;
			buildConfigurations = (
				0A65CF4122C4386D00B121A2 /* Debug */,
				0A65CF4222C4386D00B121A2 /* Release */,
			);
			defaultConfigurationIsVisible = 0;
			defaultConfigurationName = Release;
		};
/* End XCConfigurationList section */
	};
	rootObject = 0A65CF2022C4386A00B121A2 /* Project object */;
}
